
Microsoft Visual Studio Solution File, Format Version 12.00
# Visual Studio 2013
VisualStudioVersion = 12.0.20827.3
MinimumVisualStudioVersion = 10.0.40219.1
Project("{FAE04EC0-301F-11D3-BF4B-00C04F79EFBC}") = "EasyAccess.Infrastructure", "EasyAccess.Infrastructure\EasyAccess.Infrastructure.csproj", "{F423A8A3-1FF4-4C09-8DD1-2071CBF61021}"
EndProject
Project("{FAE04EC0-301F-11D3-BF4B-00C04F79EFBC}") = "EasyAccess.Model", "EasyAccess.Model\EasyAccess.Model.csproj", "{09C303B7-DB4F-4774-9D38-A4665F172676}"
EndProject
Project("{FAE04EC0-301F-11D3-BF4B-00C04F79EFBC}") = "EasyAccess.Repository", "EasyAccess.Repository\EasyAccess.Repository.csproj", "{79399B3A-C859-48F4-9337-E841953E4C72}"
EndProject
Project("{FAE04EC0-301F-11D3-BF4B-00C04F79EFBC}") = "Demo.MvcApplication", "Demo.MvcApplication\Demo.MvcApplication.csproj", "{DD6D8B33-35C4-4BE6-838C-0CE5948C69FD}"
EndProject
Project("{FAE04EC0-301F-11D3-BF4B-00C04F79EFBC}") = "Demo.MvcApplication.Tests", "Demo.MvcApplication.Tests\Demo.MvcApplication.Tests.csproj", "{5B675A74-7C43-4225-A62A-071F791D0C12}"
EndProject
Project("{FAE04EC0-301F-11D3-BF4B-00C04F79EFBC}") = "EasyAccess.Service", "EasyAccess.Service\EasyAccess.Service.csproj", "{0D0A58C2-921D-4C9E-B33E-7E06AFB441B6}"
EndProject
Project("{FAE04EC0-301F-11D3-BF4B-00C04F79EFBC}") = "EasyAccess.UnitTest", "EasyAccess.UnitTest\EasyAccess.UnitTest.csproj", "{C545B766-061A-45AF-A280-1133669F0C86}"
EndProject
Project("{FAE04EC0-301F-11D3-BF4B-00C04F79EFBC}") = "Demo.Model", "Demo.Model\Demo.Model.csproj", "{912E2E61-224F-408B-BF63-D830F81E426C}"
EndProject
Project("{FAE04EC0-301F-11D3-BF4B-00C04F79EFBC}") = "Demo.Repository", "Demo.Repository\Demo.Repository.csproj", "{89A4B1B8-AB04-4118-B8A5-20ECFC3DF9DE}"
EndProject
Project("{FAE04EC0-301F-11D3-BF4B-00C04F79EFBC}") = "Demo.Service", "Demo.Service\Demo.Service.csproj", "{9D2A3E4A-F33D-4170-B689-76D42C2C04F1}"
EndProject
Project("{2150E333-8FDC-42A3-9474-1A3956D46DE8}") = "Demo", "Demo", "{6CF31DF3-E38A-4FD4-8EAB-E98792E148FE}"
EndProject
Project("{2150E333-8FDC-42A3-9474-1A3956D46DE8}") = "EasyAccess", "EasyAccess", "{554A8D00-F3F2-4110-8C70-398D1291E210}"
EndProject
Project("{FAE04EC0-301F-11D3-BF4B-00C04F79EFBC}") = "EasyAccess.Authorization", "EasyAccess.Authorization\EasyAccess.Authorization.csproj", "{C858C06A-F7CE-40D2-9064-8D708F1E77B9}"
EndProject
Project("{FAE04EC0-301F-11D3-BF4B-00C04F79EFBC}") = "EasyAccess.Authorization.ScriptGenerator", "EasyAccess.Authorization.ScriptGenerator\EasyAccess.Authorization.ScriptGenerator.csproj", "{1CC01A34-54F3-4546-B19F-7956D62578B2}"
EndProject
Global
	GlobalSection(SolutionConfigurationPlatforms) = preSolution
		Debug|Any CPU = Debug|Any CPU
		Debug|Mixed Platforms = Debug|Mixed Platforms
		Debug|x86 = Debug|x86
		Release|Any CPU = Release|Any CPU
		Release|Mixed Platforms = Release|Mixed Platforms
		Release|x86 = Release|x86
	EndGlobalSection
	GlobalSection(ProjectConfigurationPlatforms) = postSolution
		{F423A8A3-1FF4-4C09-8DD1-2071CBF61021}.Debug|Any CPU.ActiveCfg = Debug|Any CPU
		{F423A8A3-1FF4-4C09-8DD1-2071CBF61021}.Debug|Any CPU.Build.0 = Debug|Any CPU
		{F423A8A3-1FF4-4C09-8DD1-2071CBF61021}.Debug|Mixed Platforms.ActiveCfg = Debug|Any CPU
		{F423A8A3-1FF4-4C09-8DD1-2071CBF61021}.Debug|Mixed Platforms.Build.0 = Debug|Any CPU
		{F423A8A3-1FF4-4C09-8DD1-2071CBF61021}.Debug|x86.ActiveCfg = Debug|Any CPU
		{F423A8A3-1FF4-4C09-8DD1-2071CBF61021}.Release|Any CPU.ActiveCfg = Release|Any CPU
		{F423A8A3-1FF4-4C09-8DD1-2071CBF61021}.Release|Any CPU.Build.0 = Release|Any CPU
		{F423A8A3-1FF4-4C09-8DD1-2071CBF61021}.Release|Mixed Platforms.ActiveCfg = Release|Any CPU
		{F423A8A3-1FF4-4C09-8DD1-2071CBF61021}.Release|Mixed Platforms.Build.0 = Release|Any CPU
		{F423A8A3-1FF4-4C09-8DD1-2071CBF61021}.Release|x86.ActiveCfg = Release|Any CPU
		{09C303B7-DB4F-4774-9D38-A4665F172676}.Debug|Any CPU.ActiveCfg = Debug|Any CPU
		{09C303B7-DB4F-4774-9D38-A4665F172676}.Debug|Any CPU.Build.0 = Debug|Any CPU
		{09C303B7-DB4F-4774-9D38-A4665F172676}.Debug|Mixed Platforms.ActiveCfg = Debug|Any CPU
		{09C303B7-DB4F-4774-9D38-A4665F172676}.Debug|Mixed Platforms.Build.0 = Debug|Any CPU
		{09C303B7-DB4F-4774-9D38-A4665F172676}.Debug|x86.ActiveCfg = Debug|Any CPU
		{09C303B7-DB4F-4774-9D38-A4665F172676}.Release|Any CPU.ActiveCfg = Release|Any CPU
		{09C303B7-DB4F-4774-9D38-A4665F172676}.Release|Any CPU.Build.0 = Release|Any CPU
		{09C303B7-DB4F-4774-9D38-A4665F172676}.Release|Mixed Platforms.ActiveCfg = Release|Any CPU
		{09C303B7-DB4F-4774-9D38-A4665F172676}.Release|Mixed Platforms.Build.0 = Release|Any CPU
		{09C303B7-DB4F-4774-9D38-A4665F172676}.Release|x86.ActiveCfg = Release|Any CPU
		{79399B3A-C859-48F4-9337-E841953E4C72}.Debug|Any CPU.ActiveCfg = Debug|Any CPU
		{79399B3A-C859-48F4-9337-E841953E4C72}.Debug|Any CPU.Build.0 = Debug|Any CPU
		{79399B3A-C859-48F4-9337-E841953E4C72}.Debug|Mixed Platforms.ActiveCfg = Debug|Any CPU
		{79399B3A-C859-48F4-9337-E841953E4C72}.Debug|Mixed Platforms.Build.0 = Debug|Any CPU
		{79399B3A-C859-48F4-9337-E841953E4C72}.Debug|x86.ActiveCfg = Debug|Any CPU
		{79399B3A-C859-48F4-9337-E841953E4C72}.Release|Any CPU.ActiveCfg = Release|Any CPU
		{79399B3A-C859-48F4-9337-E841953E4C72}.Release|Any CPU.Build.0 = Release|Any CPU
		{79399B3A-C859-48F4-9337-E841953E4C72}.Release|Mixed Platforms.ActiveCfg = Release|Any CPU
		{79399B3A-C859-48F4-9337-E841953E4C72}.Release|Mixed Platforms.Build.0 = Release|Any CPU
		{79399B3A-C859-48F4-9337-E841953E4C72}.Release|x86.ActiveCfg = Release|Any CPU
		{DD6D8B33-35C4-4BE6-838C-0CE5948C69FD}.Debug|Any CPU.ActiveCfg = Debug|Any CPU
		{DD6D8B33-35C4-4BE6-838C-0CE5948C69FD}.Debug|Any CPU.Build.0 = Debug|Any CPU
		{DD6D8B33-35C4-4BE6-838C-0CE5948C69FD}.Debug|Mixed Platforms.ActiveCfg = Debug|Any CPU
		{DD6D8B33-35C4-4BE6-838C-0CE5948C69FD}.Debug|Mixed Platforms.Build.0 = Debug|Any CPU
		{DD6D8B33-35C4-4BE6-838C-0CE5948C69FD}.Debug|x86.ActiveCfg = Debug|Any CPU
		{DD6D8B33-35C4-4BE6-838C-0CE5948C69FD}.Release|Any CPU.ActiveCfg = Release|Any CPU
		{DD6D8B33-35C4-4BE6-838C-0CE5948C69FD}.Release|Any CPU.Build.0 = Release|Any CPU
		{DD6D8B33-35C4-4BE6-838C-0CE5948C69FD}.Release|Mixed Platforms.ActiveCfg = Release|Any CPU
		{DD6D8B33-35C4-4BE6-838C-0CE5948C69FD}.Release|Mixed Platforms.Build.0 = Release|Any CPU
		{DD6D8B33-35C4-4BE6-838C-0CE5948C69FD}.Release|x86.ActiveCfg = Release|Any CPU
		{5B675A74-7C43-4225-A62A-071F791D0C12}.Debug|Any CPU.ActiveCfg = Debug|Any CPU
		{5B675A74-7C43-4225-A62A-071F791D0C12}.Debug|Any CPU.Build.0 = Debug|Any CPU
		{5B675A74-7C43-4225-A62A-071F791D0C12}.Debug|Mixed Platforms.ActiveCfg = Debug|Any CPU
		{5B675A74-7C43-4225-A62A-071F791D0C12}.Debug|Mixed Platforms.Build.0 = Debug|Any CPU
		{5B675A74-7C43-4225-A62A-071F791D0C12}.Debug|x86.ActiveCfg = Debug|Any CPU
		{5B675A74-7C43-4225-A62A-071F791D0C12}.Release|Any CPU.ActiveCfg = Release|Any CPU
		{5B675A74-7C43-4225-A62A-071F791D0C12}.Release|Any CPU.Build.0 = Release|Any CPU
		{5B675A74-7C43-4225-A62A-071F791D0C12}.Release|Mixed Platforms.ActiveCfg = Release|Any CPU
		{5B675A74-7C43-4225-A62A-071F791D0C12}.Release|Mixed Platforms.Build.0 = Release|Any CPU
		{5B675A74-7C43-4225-A62A-071F791D0C12}.Release|x86.ActiveCfg = Release|Any CPU
		{0D0A58C2-921D-4C9E-B33E-7E06AFB441B6}.Debug|Any CPU.ActiveCfg = Debug|Any CPU
		{0D0A58C2-921D-4C9E-B33E-7E06AFB441B6}.Debug|Any CPU.Build.0 = Debug|Any CPU
		{0D0A58C2-921D-4C9E-B33E-7E06AFB441B6}.Debug|Mixed Platforms.ActiveCfg = Debug|Any CPU
		{0D0A58C2-921D-4C9E-B33E-7E06AFB441B6}.Debug|Mixed Platforms.Build.0 = Debug|Any CPU
		{0D0A58C2-921D-4C9E-B33E-7E06AFB441B6}.Debug|x86.ActiveCfg = Debug|Any CPU
		{0D0A58C2-921D-4C9E-B33E-7E06AFB441B6}.Release|Any CPU.ActiveCfg = Release|Any CPU
		{0D0A58C2-921D-4C9E-B33E-7E06AFB441B6}.Release|Any CPU.Build.0 = Release|Any CPU
		{0D0A58C2-921D-4C9E-B33E-7E06AFB441B6}.Release|Mixed Platforms.ActiveCfg = Release|Any CPU
		{0D0A58C2-921D-4C9E-B33E-7E06AFB441B6}.Release|Mixed Platforms.Build.0 = Release|Any CPU
		{0D0A58C2-921D-4C9E-B33E-7E06AFB441B6}.Release|x86.ActiveCfg = Release|Any CPU
		{C545B766-061A-45AF-A280-1133669F0C86}.Debug|Any CPU.ActiveCfg = Debug|Any CPU
		{C545B766-061A-45AF-A280-1133669F0C86}.Debug|Any CPU.Build.0 = Debug|Any CPU
		{C545B766-061A-45AF-A280-1133669F0C86}.Debug|Mixed Platforms.ActiveCfg = Debug|Any CPU
		{C545B766-061A-45AF-A280-1133669F0C86}.Debug|Mixed Platforms.Build.0 = Debug|Any CPU
		{C545B766-061A-45AF-A280-1133669F0C86}.Debug|x86.ActiveCfg = Debug|Any CPU
		{C545B766-061A-45AF-A280-1133669F0C86}.Release|Any CPU.ActiveCfg = Release|Any CPU
		{C545B766-061A-45AF-A280-1133669F0C86}.Release|Any CPU.Build.0 = Release|Any CPU
		{C545B766-061A-45AF-A280-1133669F0C86}.Release|Mixed Platforms.ActiveCfg = Release|Any CPU
		{C545B766-061A-45AF-A280-1133669F0C86}.Release|Mixed Platforms.Build.0 = Release|Any CPU
		{C545B766-061A-45AF-A280-1133669F0C86}.Release|x86.ActiveCfg = Release|Any CPU
		{912E2E61-224F-408B-BF63-D830F81E426C}.Debug|Any CPU.ActiveCfg = Debug|Any CPU
		{912E2E61-224F-408B-BF63-D830F81E426C}.Debug|Any CPU.Build.0 = Debug|Any CPU
		{912E2E61-224F-408B-BF63-D830F81E426C}.Debug|Mixed Platforms.ActiveCfg = Debug|Any CPU
		{912E2E61-224F-408B-BF63-D830F81E426C}.Debug|Mixed Platforms.Build.0 = Debug|Any CPU
		{912E2E61-224F-408B-BF63-D830F81E426C}.Debug|x86.ActiveCfg = Debug|Any CPU
		{912E2E61-224F-408B-BF63-D830F81E426C}.Release|Any CPU.ActiveCfg = Release|Any CPU
		{912E2E61-224F-408B-BF63-D830F81E426C}.Release|Any CPU.Build.0 = Release|Any CPU
		{912E2E61-224F-408B-BF63-D830F81E426C}.Release|Mixed Platforms.ActiveCfg = Release|Any CPU
		{912E2E61-224F-408B-BF63-D830F81E426C}.Release|Mixed Platforms.Build.0 = Release|Any CPU
		{912E2E61-224F-408B-BF63-D830F81E426C}.Release|x86.ActiveCfg = Release|Any CPU
		{89A4B1B8-AB04-4118-B8A5-20ECFC3DF9DE}.Debug|Any CPU.ActiveCfg = Debug|Any CPU
		{89A4B1B8-AB04-4118-B8A5-20ECFC3DF9DE}.Debug|Any CPU.Build.0 = Debug|Any CPU
		{89A4B1B8-AB04-4118-B8A5-20ECFC3DF9DE}.Debug|Mixed Platforms.ActiveCfg = Debug|Any CPU
		{89A4B1B8-AB04-4118-B8A5-20ECFC3DF9DE}.Debug|Mixed Platforms.Build.0 = Debug|Any CPU
		{89A4B1B8-AB04-4118-B8A5-20ECFC3DF9DE}.Debug|x86.ActiveCfg = Debug|Any CPU
		{89A4B1B8-AB04-4118-B8A5-20ECFC3DF9DE}.Release|Any CPU.ActiveCfg = Release|Any CPU
		{89A4B1B8-AB04-4118-B8A5-20ECFC3DF9DE}.Release|Any CPU.Build.0 = Release|Any CPU
		{89A4B1B8-AB04-4118-B8A5-20ECFC3DF9DE}.Release|Mixed Platforms.ActiveCfg = Release|Any CPU
		{89A4B1B8-AB04-4118-B8A5-20ECFC3DF9DE}.Release|Mixed Platforms.Build.0 = Release|Any CPU
		{89A4B1B8-AB04-4118-B8A5-20ECFC3DF9DE}.Release|x86.ActiveCfg = Release|Any CPU
		{9D2A3E4A-F33D-4170-B689-76D42C2C04F1}.Debug|Any CPU.ActiveCfg = Debug|Any CPU
		{9D2A3E4A-F33D-4170-B689-76D42C2C04F1}.Debug|Any CPU.Build.0 = Debug|Any CPU
		{9D2A3E4A-F33D-4170-B689-76D42C2C04F1}.Debug|Mixed Platforms.ActiveCfg = Debug|Any CPU
		{9D2A3E4A-F33D-4170-B689-76D42C2C04F1}.Debug|Mixed Platforms.Build.0 = Debug|Any CPU
		{9D2A3E4A-F33D-4170-B689-76D42C2C04F1}.Debug|x86.ActiveCfg = Debug|Any CPU
		{9D2A3E4A-F33D-4170-B689-76D42C2C04F1}.Release|Any CPU.ActiveCfg = Release|Any CPU
		{9D2A3E4A-F33D-4170-B689-76D42C2C04F1}.Release|Any CPU.Build.0 = Release|Any CPU
		{9D2A3E4A-F33D-4170-B689-76D42C2C04F1}.Release|Mixed Platforms.ActiveCfg = Release|Any CPU
		{9D2A3E4A-F33D-4170-B689-76D42C2C04F1}.Release|Mixed Platforms.Build.0 = Release|Any CPU
		{9D2A3E4A-F33D-4170-B689-76D42C2C04F1}.Release|x86.ActiveCfg = Release|Any CPU
		{C858C06A-F7CE-40D2-9064-8D708F1E77B9}.Debug|Any CPU.ActiveCfg = Debug|Any CPU
		{C858C06A-F7CE-40D2-9064-8D708F1E77B9}.Debug|Any CPU.Build.0 = Debug|Any CPU
		{C858C06A-F7CE-40D2-9064-8D708F1E77B9}.Debug|Mixed Platforms.ActiveCfg = Debug|Any CPU
		{C858C06A-F7CE-40D2-9064-8D708F1E77B9}.Debug|Mixed Platforms.Build.0 = Debug|Any CPU
		{C858C06A-F7CE-40D2-9064-8D708F1E77B9}.Debug|x86.ActiveCfg = Debug|Any CPU
		{C858C06A-F7CE-40D2-9064-8D708F1E77B9}.Release|Any CPU.ActiveCfg = Release|Any CPU
		{C858C06A-F7CE-40D2-9064-8D708F1E77B9}.Release|Any CPU.Build.0 = Release|Any CPU
		{C858C06A-F7CE-40D2-9064-8D708F1E77B9}.Release|Mixed Platforms.ActiveCfg = Release|Any CPU
		{C858C06A-F7CE-40D2-9064-8D708F1E77B9}.Release|Mixed Platforms.Build.0 = Release|Any CPU
		{C858C06A-F7CE-40D2-9064-8D708F1E77B9}.Release|x86.ActiveCfg = Release|Any CPU
		{1CC01A34-54F3-4546-B19F-7956D62578B2}.Debug|Any CPU.ActiveCfg = Debug|x86
		{1CC01A34-54F3-4546-B19F-7956D62578B2}.Debug|Mixed Platforms.ActiveCfg = Debug|x86
		{1CC01A34-54F3-4546-B19F-7956D62578B2}.Debug|Mixed Platforms.Build.0 = Debug|x86
		{1CC01A34-54F3-4546-B19F-7956D62578B2}.Debug|x86.ActiveCfg = Debug|x86
		{1CC01A34-54F3-4546-B19F-7956D62578B2}.Debug|x86.Build.0 = Debug|x86
		{1CC01A34-54F3-4546-B19F-7956D62578B2}.Release|Any CPU.ActiveCfg = Release|x86
		{1CC01A34-54F3-4546-B19F-7956D62578B2}.Release|Mixed Platforms.ActiveCfg = Release|x86
		{1CC01A34-54F3-4546-B19F-7956D62578B2}.Release|Mixed Platforms.Build.0 = Release|x86
		{1CC01A34-54F3-4546-B19F-7956D62578B2}.Release|x86.ActiveCfg = Release|x86
		{1CC01A34-54F3-4546-B19F-7956D62578B2}.Release|x86.Build.0 = Release|x86
	EndGlobalSection
	GlobalSection(SolutionProperties) = preSolution
		HideSolutionNode = FALSE
	EndGlobalSection
	GlobalSection(NestedProjects) = preSolution
		{09C303B7-DB4F-4774-9D38-A4665F172676} = {554A8D00-F3F2-4110-8C70-398D1291E210}
		{79399B3A-C859-48F4-9337-E841953E4C72} = {554A8D00-F3F2-4110-8C70-398D1291E210}
		{0D0A58C2-921D-4C9E-B33E-7E06AFB441B6} = {554A8D00-F3F2-4110-8C70-398D1291E210}
		{C545B766-061A-45AF-A280-1133669F0C86} = {554A8D00-F3F2-4110-8C70-398D1291E210}
		{F423A8A3-1FF4-4C09-8DD1-2071CBF61021} = {554A8D00-F3F2-4110-8C70-398D1291E210}
		{C858C06A-F7CE-40D2-9064-8D708F1E77B9} = {554A8D00-F3F2-4110-8C70-398D1291E210}
		{1CC01A34-54F3-4546-B19F-7956D62578B2} = {554A8D00-F3F2-4110-8C70-398D1291E210}
		{5B675A74-7C43-4225-A62A-071F791D0C12} = {6CF31DF3-E38A-4FD4-8EAB-E98792E148FE}
		{912E2E61-224F-408B-BF63-D830F81E426C} = {6CF31DF3-E38A-4FD4-8EAB-E98792E148FE}
		{89A4B1B8-AB04-4118-B8A5-20ECFC3DF9DE} = {6CF31DF3-E38A-4FD4-8EAB-E98792E148FE}
		{9D2A3E4A-F33D-4170-B689-76D42C2C04F1} = {6CF31DF3-E38A-4FD4-8EAB-E98792E148FE}
		{DD6D8B33-35C4-4BE6-838C-0CE5948C69FD} = {6CF31DF3-E38A-4FD4-8EAB-E98792E148FE}
	EndGlobalSection
EndGlobal
